
Microsoft Visual Studio Solution File, Format Version 12.00
# Visual Studio Version 16
VisualStudioVersion = 16.0.30621.155
MinimumVisualStudioVersion = 10.0.40219.1
Project("{9A19103F-16F7-4668-BE54-9A1E7A4F7556}") = "ChemistWarehouse", "ChemistWarehouse\ChemistWarehouse.csproj", "{265E75CC-700B-4AC6-986B-A18AEF3DBD0B}"
EndProject
Project("{FAE04EC0-301F-11D3-BF4B-00C04F79EFBC}") = "ProductTests", "ProductTests\ProductTests.csproj", "{2144AEBC-9B38-4159-815F-ED03FF841EEF}"
EndProject
Global
	GlobalSection(SolutionConfigurationPlatforms) = preSolution
		Debug|Any CPU = Debug|Any CPU
		Release|Any CPU = Release|Any CPU
	EndGlobalSection
	GlobalSection(ProjectConfigurationPlatforms) = postSolution
		{265E75CC-700B-4AC6-986B-A18AEF3DBD0B}.Debug|Any CPU.ActiveCfg = Debug|Any CPU
		{265E75CC-700B-4AC6-986B-A18AEF3DBD0B}.Debug|Any CPU.Build.0 = Debug|Any CPU
		{265E75CC-700B-4AC6-986B-A18AEF3DBD0B}.Release|Any CPU.ActiveCfg = Release|Any CPU
		{265E75CC-700B-4AC6-986B-A18AEF3DBD0B}.Release|Any CPU.Build.0 = Release|Any CPU
		{2144AEBC-9B38-4159-815F-ED03FF841EEF}.Debug|Any CPU.ActiveCfg = Debug|Any CPU
		{2144AEBC-9B38-4159-815F-ED03FF841EEF}.Debug|Any CPU.Build.0 = Debug|Any CPU
		{2144AEBC-9B38-4159-815F-ED03FF841EEF}.Release|Any CPU.ActiveCfg = Release|Any CPU
		{2144AEBC-9B38-4159-815F-ED03FF841EEF}.Release|Any CPU.Build.0 = Release|Any CPU
	EndGlobalSection
	GlobalSection(SolutionProperties) = preSolution
		HideSolutionNode = FALSE
	EndGlobalSection
	GlobalSection(ExtensibilityGlobals) = postSolution
		SolutionGuid = {FAF3844B-CA53-453B-960B-F7863C4FF44D}
	EndGlobalSection
EndGlobal
